{
  "arc_version": "2.0",
  "graph_hash": "60241b7958add7ad03157f0339a4ec2f13105f9ffc638e0239ea26e044f81529",
  "plugins": [
    {
      "name": "psqldb",
      "version": "1.0.0",
      "entrypoint": "plugins.psqldb.plugin:DatabasePlugin",
      "provides": [
        "db.engine",
        "db.session"
      ],
      "requires": [],
      "load_order": 0,
      "critical": true,
      "config": {},
      "source": null,
      "branch": null,
      "commit": null
    },
    {
      "name": "relay",
      "version": "1.0.0",
      "entrypoint": "plugins.relay.plugin:RelayPlugin",
      "provides": [
        "relay.router",
        "relay.documents"
      ],
      "requires": [
        "db.session"
      ],
      "load_order": 60,
      "critical": true,
      "config": {},
      "source": null,
      "branch": null,
      "commit": null
    },
    {
      "name": "http",
      "version": "1.0.0",
      "entrypoint": "plugins.http.plugin:HttpPlugin",
      "provides": [
        "http.app"
      ],
      "requires": [],
      "load_order": 2,
      "critical": true,
      "config": {},
      "source": null,
      "branch": null,
      "commit": null
    },
    {
      "name": "hrms",
      "version": "1.0.0",
      "entrypoint": "plugins.hrms.plugin:HrmsPlugin",
      "provides": [],
      "requires": [
        "db.session",
        "relay.router",
        "relay.documents"
      ],
      "load_order": 100,
      "critical": false,
      "config": {},
      "source": null,
      "branch": null,
      "commit": null
    },
    {
      "name": "sales",
      "version": "1.0.0",
      "entrypoint": "plugins.sales.plugin:SalesPlugin",
      "provides": [],
      "requires": [
        "db.session"
      ],
      "load_order": 100,
      "critical": false,
      "config": {},
      "source": null,
      "branch": null,
      "commit": null
    }
  ]
}
