{
  "arc_version": "2.0",
  "graph_hash": "d29de0ec0b37ca30278ccce1bcef81c558cec69cecb1556b043de9687a2bb4cf",
  "plugins": [
    {
      "name": "psqldb",
      "version": "1.0.0",
      "entrypoint": "plugins.psqldb.plugin:DatabasePlugin",
      "provides": [
        "db.engine",
        "db.session"
      ],
      "requires": [],
      "load_order": 0,
      "critical": true,
      "config": {}
    },
    {
      "name": "relay",
      "entrypoint": "plugins.relay.plugin:RelayPlugin",
      "provides": ["relay.router", "relay.documents"],
      "requires": ["db.session"],
      "load_order": 60,
      "critical": true
    },
    {
      "name": "http",
      "version": "1.0.0",
      "entrypoint": "plugins.http.plugin:HttpPlugin",
      "provides": [
        "http.app"
      ],
      "requires": [],
      "load_order": 2,
      "critical": true,
      "config": {}
    },
    {
      "name": "hrms",
      "version": "1.0.0",
      "entrypoint": "plugins.hrms.plugin:HrmsPlugin",
      "provides": [],
      "requires": [
        "db.session",
        "relay.router",
        "relay.documents"
      ],
      "load_order": 100,
      "critical": false,
      "config": {}
    }
  ]
}
